
Microsoft Visual Studio Solution File, Format Version 12.00
# Visual Studio Version 16
VisualStudioVersion = 16.0.31205.134
MinimumVisualStudioVersion = 10.0.40219.1
Project("{FAE04EC0-301F-11D3-BF4B-00C04F79EFBC}") = "DocuViewareBlazor.Server", "DocuViewareBlazor\Server\DocuViewareBlazor.Server.csproj", "{0FFDB6B4-D8A8-4AC2-BF72-CC0611510BB3}"
EndProject
Project("{FAE04EC0-301F-11D3-BF4B-00C04F79EFBC}") = "DocuViewareBlazor.Client", "DocuViewareBlazor\Client\DocuViewareBlazor.Client.csproj", "{8573D62D-3C0E-4717-A716-87EF58CBBE94}"
EndProject
Project("{FAE04EC0-301F-11D3-BF4B-00C04F79EFBC}") = "DocuViewareBlazor.Shared", "DocuViewareBlazor\Shared\DocuViewareBlazor.Shared.csproj", "{47E3EADE-D328-4635-BC8C-56DAAA2CDDDC}"
EndProject
Global
	GlobalSection(SolutionConfigurationPlatforms) = preSolution
		Debug|Any CPU = Debug|Any CPU
		Release|Any CPU = Release|Any CPU
	EndGlobalSection
	GlobalSection(ProjectConfigurationPlatforms) = postSolution
		{0FFDB6B4-D8A8-4AC2-BF72-CC0611510BB3}.Debug|Any CPU.ActiveCfg = Debug|Any CPU
		{0FFDB6B4-D8A8-4AC2-BF72-CC0611510BB3}.Debug|Any CPU.Build.0 = Debug|Any CPU
		{0FFDB6B4-D8A8-4AC2-BF72-CC0611510BB3}.Release|Any CPU.ActiveCfg = Release|Any CPU
		{0FFDB6B4-D8A8-4AC2-BF72-CC0611510BB3}.Release|Any CPU.Build.0 = Release|Any CPU
		{8573D62D-3C0E-4717-A716-87EF58CBBE94}.Debug|Any CPU.ActiveCfg = Debug|Any CPU
		{8573D62D-3C0E-4717-A716-87EF58CBBE94}.Debug|Any CPU.Build.0 = Debug|Any CPU
		{8573D62D-3C0E-4717-A716-87EF58CBBE94}.Release|Any CPU.ActiveCfg = Release|Any CPU
		{8573D62D-3C0E-4717-A716-87EF58CBBE94}.Release|Any CPU.Build.0 = Release|Any CPU
		{47E3EADE-D328-4635-BC8C-56DAAA2CDDDC}.Debug|Any CPU.ActiveCfg = Debug|Any CPU
		{47E3EADE-D328-4635-BC8C-56DAAA2CDDDC}.Debug|Any CPU.Build.0 = Debug|Any CPU
		{47E3EADE-D328-4635-BC8C-56DAAA2CDDDC}.Release|Any CPU.ActiveCfg = Release|Any CPU
		{47E3EADE-D328-4635-BC8C-56DAAA2CDDDC}.Release|Any CPU.Build.0 = Release|Any CPU
	EndGlobalSection
	GlobalSection(SolutionProperties) = preSolution
		HideSolutionNode = FALSE
	EndGlobalSection
	GlobalSection(ExtensibilityGlobals) = postSolution
		SolutionGuid = {66E4DAD5-CF0D-4345-BDFA-4D747264331A}
	EndGlobalSection
EndGlobal
